
Microsoft Visual Studio Solution File, Format Version 12.00
# Visual Studio Version 17
VisualStudioVersion = 17.7.34221.43
MinimumVisualStudioVersion = 10.0.40219.1
Project("{FAE04EC0-301F-11D3-BF4B-00C04F79EFBC}") = "WhiteCane", "WhiteCane\WhiteCane.csproj", "{C5577B82-2DF8-4BA9-A51F-4253C8699210}"
EndProject
Global
	GlobalSection(SolutionConfigurationPlatforms) = preSolution
		Debug|Any CPU = Debug|Any CPU
		Release|Any CPU = Release|Any CPU
	EndGlobalSection
	GlobalSection(ProjectConfigurationPlatforms) = postSolution
		{C5577B82-2DF8-4BA9-A51F-4253C8699210}.Debug|Any CPU.ActiveCfg = Debug|Any CPU
		{C5577B82-2DF8-4BA9-A51F-4253C8699210}.Debug|Any CPU.Build.0 = Debug|Any CPU
		{C5577B82-2DF8-4BA9-A51F-4253C8699210}.Release|Any CPU.ActiveCfg = Release|Any CPU
		{C5577B82-2DF8-4BA9-A51F-4253C8699210}.Release|Any CPU.Build.0 = Release|Any CPU
	EndGlobalSection
	GlobalSection(SolutionProperties) = preSolution
		HideSolutionNode = FALSE
	EndGlobalSection
	GlobalSection(ExtensibilityGlobals) = postSolution
		SolutionGuid = {AEC40B84-288F-49F9-8F9D-4F2FB6E87754}
	EndGlobalSection
EndGlobal
